// !$*UTF8*$!
{
	archiveVersion = 1;
	classes = {
	};
	objectVersion = 56;
	objects = {

/* Begin PBXBuildFile section */
		BDBAEFDA2DD7ED3200CA7C40 /* lab_02App.swift in Sources */ = {isa = PBXBuildFile; fileRef = BDBAEFD92DD7ED3200CA7C40 /* lab_02App.swift */; };
		BDBAEFDC2DD7ED3200CA7C40 /* ContentView.swift in Sources */ = {isa = PBXBuildFile; fileRef = BDBAEFDB2DD7ED3200CA7C40 /* ContentView.swift */; };
		BDBAEFDE2DD7ED3400CA7C40 /* Assets.xcassets in Resources */ = {isa = PBXBuildFile; fileRef = BDBAEFDD2DD7ED3400CA7C40 /* Assets.xcassets */; };
		BDBAEFE12DD7ED3400CA7C40 /* Preview Assets.xcassets in Resources */ = {isa = PBXBuildFile; fileRef = BDBAEFE02DD7ED3400CA7C40 /* Preview Assets.xcassets */; };
		BDBAEFEB2DD7ED3400CA7C40 /* lab_02Tests.swift in Sources */ = {isa = PBXBuildFile; fileRef = BDBAEFEA2DD7ED3400CA7C40 /* lab_02Tests.swift */; };
		BDBAEFF52DD7ED3400CA7C40 /* lab_02UITests.swift in Sources */ = {isa = PBXBuildFile; fileRef = BDBAEFF42DD7ED3400CA7C40 /* lab_02UITests.swift */; };
		BDBAEFF72DD7ED3400CA7C40 /* lab_02UITestsLaunchTests.swift in Sources */ = {isa = PBXBuildFile; fileRef = BDBAEFF62DD7ED3400CA7C40 /* lab_02UITestsLaunchTests.swift */; };
/* End PBXBuildFile section */

/* Begin PBXContainerItemProxy section */
		BDBAEFE72DD7ED3400CA7C40 /* PBXContainerItemProxy */ = {
			isa = PBXContainerItemProxy;
			containerPortal = BDBAEFCE2DD7ED3200CA7C40 /* Project object */;
			proxyType = 1;
			remoteGlobalIDString = BDBAEFD52DD7ED3200CA7C40;
			remoteInfo = lab_02;
		};
		BDBAEFF12DD7ED3400CA7C40 /* PBXContainerItemProxy */ = {
			isa = PBXContainerItemProxy;
			containerPortal = BDBAEFCE2DD7ED3200CA7C40 /* Project object */;
			proxyType = 1;
			remoteGlobalIDString = BDBAEFD52DD7ED3200CA7C40;
			remoteInfo = lab_02;
		};
/* End PBXContainerItemProxy section */

/* Begin PBXFileReference section */
		BDBAEFD62DD7ED3200CA7C40 /* lab_02.app */ = {isa = PBXFileReference; explicitFileType = wrapper.application; includeInIndex = 0; path = lab_02.app; sourceTree = BUILT_PRODUCTS_DIR; };
		BDBAEFD92DD7ED3200CA7C40 /* lab_02App.swift */ = {isa = PBXFileReference; lastKnownFileType = sourcecode.swift; path = lab_02App.swift; sourceTree = "<group>"; };
		BDBAEFDB2DD7ED3200CA7C40 /* ContentView.swift */ = {isa = PBXFileReference; lastKnownFileType = sourcecode.swift; path = ContentView.swift; sourceTree = "<group>"; };
		BDBAEFDD2DD7ED3400CA7C40 /* Assets.xcassets */ = {isa = PBXFileReference; lastKnownFileType = folder.assetcatalog; path = Assets.xcassets; sourceTree = "<group>"; };
		BDBAEFE02DD7ED3400CA7C40 /* Preview Assets.xcassets */ = {isa = PBXFileReference; lastKnownFileType = folder.assetcatalog; path = "Preview Assets.xcassets"; sourceTree = "<group>"; };
		BDBAEFE62DD7ED3400CA7C40 /* lab_02Tests.xctest */ = {isa = PBXFileReference; explicitFileType = wrapper.cfbundle; includeInIndex = 0; path = lab_02Tests.xctest; sourceTree = BUILT_PRODUCTS_DIR; };
		BDBAEFEA2DD7ED3400CA7C40 /* lab_02Tests.swift */ = {isa = PBXFileReference; lastKnownFileType = sourcecode.swift; path = lab_02Tests.swift; sourceTree = "<group>"; };
		BDBAEFF02DD7ED3400CA7C40 /* lab_02UITests.xctest */ = {isa = PBXFileReference; explicitFileType = wrapper.cfbundle; includeInIndex = 0; path = lab_02UITests.xctest; sourceTree = BUILT_PRODUCTS_DIR; };
		BDBAEFF42DD7ED3400CA7C40 /* lab_02UITests.swift */ = {isa = PBXFileReference; lastKnownFileType = sourcecode.swift; path = lab_02UITests.swift; sourceTree = "<group>"; };
		BDBAEFF62DD7ED3400CA7C40 /* lab_02UITestsLaunchTests.swift */ = {isa = PBXFileReference; lastKnownFileType = sourcecode.swift; path = lab_02UITestsLaunchTests.swift; sourceTree = "<group>"; };
/* End PBXFileReference section */

/* Begin PBXFrameworksBuildPhase section */
		BDBAEFD32DD7ED3200CA7C40 /* Frameworks */ = {
			isa = PBXFrameworksBuildPhase;
			buildActionMask = 2147483647;
			files = (
			);
			runOnlyForDeploymentPostprocessing = 0;
		};
		BDBAEFE32DD7ED3400CA7C40 /* Frameworks */ = {
			isa = PBXFrameworksBuildPhase;
			buildActionMask = 2147483647;
			files = (
			);
			runOnlyForDeploymentPostprocessing = 0;
		};
		BDBAEFED2DD7ED3400CA7C40 /* Frameworks */ = {
			isa = PBXFrameworksBuildPhase;
			buildActionMask = 2147483647;
			files = (
			);
			runOnlyForDeploymentPostprocessing = 0;
		};
/* End PBXFrameworksBuildPhase section */

/* Begin PBXGroup section */
		BDBAEFCD2DD7ED3200CA7C40 = {
			isa = PBXGroup;
			children = (
				BDBAEFD82DD7ED3200CA7C40 /* lab_02 */,
				BDBAEFE92DD7ED3400CA7C40 /* lab_02Tests */,
				BDBAEFF32DD7ED3400CA7C40 /* lab_02UITests */,
				BDBAEFD72DD7ED3200CA7C40 /* Products */,
			);
			sourceTree = "<group>";
		};
		BDBAEFD72DD7ED3200CA7C40 /* Products */ = {
			isa = PBXGroup;
			children = (
				BDBAEFD62DD7ED3200CA7C40 /* lab_02.app */,
				BDBAEFE62DD7ED3400CA7C40 /* lab_02Tests.xctest */,
				BDBAEFF02DD7ED3400CA7C40 /* lab_02UITests.xctest */,
			);
			name = Products;
			sourceTree = "<group>";
		};
		BDBAEFD82DD7ED3200CA7C40 /* lab_02 */ = {
			isa = PBXGroup;
			children = (
				BDBAEFD92DD7ED3200CA7C40 /* lab_02App.swift */,
				BDBAEFDB2DD7ED3200CA7C40 /* ContentView.swift */,
				BDBAEFDD2DD7ED3400CA7C40 /* Assets.xcassets */,
				BDBAEFDF2DD7ED3400CA7C40 /* Preview Content */,
			);
			path = lab_02;
			sourceTree = "<group>";
		};
		BDBAEFDF2DD7ED3400CA7C40 /* Preview Content */ = {
			isa = PBXGroup;
			children = (
				BDBAEFE02DD7ED3400CA7C40 /* Preview Assets.xcassets */,
			);
			path = "Preview Content";
			sourceTree = "<group>";
		};
		BDBAEFE92DD7ED3400CA7C40 /* lab_02Tests */ = {
			isa = PBXGroup;
			children = (
				BDBAEFEA2DD7ED3400CA7C40 /* lab_02Tests.swift */,
			);
			path = lab_02Tests;
			sourceTree = "<group>";
		};
		BDBAEFF32DD7ED3400CA7C40 /* lab_02UITests */ = {
			isa = PBXGroup;
			children = (
				BDBAEFF42DD7ED3400CA7C40 /* lab_02UITests.swift */,
				BDBAEFF62DD7ED3400CA7C40 /* lab_02UITestsLaunchTests.swift */,
			);
			path = lab_02UITests;
			sourceTree = "<group>";
		};
/* End PBXGroup section */

/* Begin PBXNativeTarget section */
		BDBAEFD52DD7ED3200CA7C40 /* lab_02 */ = {
			isa = PBXNativeTarget;
			buildConfigurationList = BDBAEFFA2DD7ED3400CA7C40 /* Build configuration list for PBXNativeTarget "lab_02" */;
			buildPhases = (
				BDBAEFD22DD7ED3200CA7C40 /* Sources */,
				BDBAEFD32DD7ED3200CA7C40 /* Frameworks */,
				BDBAEFD42DD7ED3200CA7C40 /* Resources */,
			);
			buildRules = (
			);
			dependencies = (
			);
			name = lab_02;
			productName = lab_02;
			productReference = BDBAEFD62DD7ED3200CA7C40 /* lab_02.app */;
			productType = "com.apple.product-type.application";
		};
		BDBAEFE52DD7ED3400CA7C40 /* lab_02Tests */ = {
			isa = PBXNativeTarget;
			buildConfigurationList = BDBAEFFD2DD7ED3400CA7C40 /* Build configuration list for PBXNativeTarget "lab_02Tests" */;
			buildPhases = (
				BDBAEFE22DD7ED3400CA7C40 /* Sources */,
				BDBAEFE32DD7ED3400CA7C40 /* Frameworks */,
				BDBAEFE42DD7ED3400CA7C40 /* Resources */,
			);
			buildRules = (
			);
			dependencies = (
				BDBAEFE82DD7ED3400CA7C40 /* PBXTargetDependency */,
			);
			name = lab_02Tests;
			productName = lab_02Tests;
			productReference = BDBAEFE62DD7ED3400CA7C40 /* lab_02Tests.xctest */;
			productType = "com.apple.product-type.bundle.unit-test";
		};
		BDBAEFEF2DD7ED3400CA7C40 /* lab_02UITests */ = {
			isa = PBXNativeTarget;
			buildConfigurationList = BDBAF0002DD7ED3400CA7C40 /* Build configuration list for PBXNativeTarget "lab_02UITests" */;
			buildPhases = (
				BDBAEFEC2DD7ED3400CA7C40 /* Sources */,
				BDBAEFED2DD7ED3400CA7C40 /* Frameworks */,
				BDBAEFEE2DD7ED3400CA7C40 /* Resources */,
			);
			buildRules = (
			);
			dependencies = (
				BDBAEFF22DD7ED3400CA7C40 /* PBXTargetDependency */,
			);
			name = lab_02UITests;
			productName = lab_02UITests;
			productReference = BDBAEFF02DD7ED3400CA7C40 /* lab_02UITests.xctest */;
			productType = "com.apple.product-type.bundle.ui-testing";
		};
/* End PBXNativeTarget section */

/* Begin PBXProject section */
		BDBAEFCE2DD7ED3200CA7C40 /* Project object */ = {
			isa = PBXProject;
			attributes = {
				BuildIndependentTargetsInParallel = 1;
				LastSwiftUpdateCheck = 1540;
				LastUpgradeCheck = 1540;
				TargetAttributes = {
					BDBAEFD52DD7ED3200CA7C40 = {
						CreatedOnToolsVersion = 15.4;
					};
					BDBAEFE52DD7ED3400CA7C40 = {
						CreatedOnToolsVersion = 15.4;
						TestTargetID = BDBAEFD52DD7ED3200CA7C40;
					};
					BDBAEFEF2DD7ED3400CA7C40 = {
						CreatedOnToolsVersion = 15.4;
						TestTargetID = BDBAEFD52DD7ED3200CA7C40;
					};
				};
			};
			buildConfigurationList = BDBAEFD12DD7ED3200CA7C40 /* Build configuration list for PBXProject "lab_02" */;
			compatibilityVersion = "Xcode 14.0";
			developmentRegion = en;
			hasScannedForEncodings = 0;
			knownRegions = (
				en,
				Base,
			);
			mainGroup = BDBAEFCD2DD7ED3200CA7C40;
			productRefGroup = BDBAEFD72DD7ED3200CA7C40 /* Products */;
			projectDirPath = "";
			projectRoot = "";
			targets = (
				BDBAEFD52DD7ED3200CA7C40 /* lab_02 */,
				BDBAEFE52DD7ED3400CA7C40 /* lab_02Tests */,
				BDBAEFEF2DD7ED3400CA7C40 /* lab_02UITests */,
			);
		};
/* End PBXProject section */

/* Begin PBXResourcesBuildPhase section */
		BDBAEFD42DD7ED3200CA7C40 /* Resources */ = {
			isa = PBXResourcesBuildPhase;
			buildActionMask = 2147483647;
			files = (
				BDBAEFE12DD7ED3400CA7C40 /* Preview Assets.xcassets in Resources */,
				BDBAEFDE2DD7ED3400CA7C40 /* Assets.xcassets in Resources */,
			);
			runOnlyForDeploymentPostprocessing = 0;
		};
		BDBAEFE42DD7ED3400CA7C40 /* Resources */ = {
			isa = PBXResourcesBuildPhase;
			buildActionMask = 2147483647;
			files = (
			);
			runOnlyForDeploymentPostprocessing = 0;
		};
		BDBAEFEE2DD7ED3400CA7C40 /* Resources */ = {
			isa = PBXResourcesBuildPhase;
			buildActionMask = 2147483647;
			files = (
			);
			runOnlyForDeploymentPostprocessing = 0;
		};
/* End PBXResourcesBuildPhase section */

/* Begin PBXSourcesBuildPhase section */
		BDBAEFD22DD7ED3200CA7C40 /* Sources */ = {
			isa = PBXSourcesBuildPhase;
			buildActionMask = 2147483647;
			files = (
				BDBAEFDC2DD7ED3200CA7C40 /* ContentView.swift in Sources */,
				BDBAEFDA2DD7ED3200CA7C40 /* lab_02App.swift in Sources */,
			);
			runOnlyForDeploymentPostprocessing = 0;
		};
		BDBAEFE22DD7ED3400CA7C40 /* Sources */ = {
			isa = PBXSourcesBuildPhase;
			buildActionMask = 2147483647;
			files = (
				BDBAEFEB2DD7ED3400CA7C40 /* lab_02Tests.swift in Sources */,
			);
			runOnlyForDeploymentPostprocessing = 0;
		};
		BDBAEFEC2DD7ED3400CA7C40 /* Sources */ = {
			isa = PBXSourcesBuildPhase;
			buildActionMask = 2147483647;
			files = (
				BDBAEFF72DD7ED3400CA7C40 /* lab_02UITestsLaunchTests.swift in Sources */,
				BDBAEFF52DD7ED3400CA7C40 /* lab_02UITests.swift in Sources */,
			);
			runOnlyForDeploymentPostprocessing = 0;
		};
/* End PBXSourcesBuildPhase section */

/* Begin PBXTargetDependency section */
		BDBAEFE82DD7ED3400CA7C40 /* PBXTargetDependency */ = {
			isa = PBXTargetDependency;
			target = BDBAEFD52DD7ED3200CA7C40 /* lab_02 */;
			targetProxy = BDBAEFE72DD7ED3400CA7C40 /* PBXContainerItemProxy */;
		};
		BDBAEFF22DD7ED3400CA7C40 /* PBXTargetDependency */ = {
			isa = PBXTargetDependency;
			target = BDBAEFD52DD7ED3200CA7C40 /* lab_02 */;
			targetProxy = BDBAEFF12DD7ED3400CA7C40 /* PBXContainerItemProxy */;
		};
/* End PBXTargetDependency section */

/* Begin XCBuildConfiguration section */
		BDBAEFF82DD7ED3400CA7C40 /* Debug */ = {
			isa = XCBuildConfiguration;
			buildSettings = {
				ALWAYS_SEARCH_USER_PATHS = NO;
				ASSETCATALOG_COMPILER_GENERATE_SWIFT_ASSET_SYMBOL_EXTENSIONS = YES;
				CLANG_ANALYZER_NONNULL = YES;
				CLANG_ANALYZER_NUMBER_OBJECT_CONVERSION = YES_AGGRESSIVE;
				CLANG_CXX_LANGUAGE_STANDARD = "gnu++20";
				CLANG_ENABLE_MODULES = YES;
				CLANG_ENABLE_OBJC_ARC = YES;
				CLANG_ENABLE_OBJC_WEAK = YES;
				CLANG_WARN_BLOCK_CAPTURE_AUTORELEASING = YES;
				CLANG_WARN_BOOL_CONVERSION = YES;
				CLANG_WARN_COMMA = YES;
				CLANG_WARN_CONSTANT_CONVERSION = YES;
				CLANG_WARN_DEPRECATED_OBJC_IMPLEMENTATIONS = YES;
				CLANG_WARN_DIRECT_OBJC_ISA_USAGE = YES_ERROR;
				CLANG_WARN_DOCUMENTATION_COMMENTS = YES;
				CLANG_WARN_EMPTY_BODY = YES;
				CLANG_WARN_ENUM_CONVERSION = YES;
				CLANG_WARN_INFINITE_RECURSION = YES;
				CLANG_WARN_INT_CONVERSION = YES;
				CLANG_WARN_NON_LITERAL_NULL_CONVERSION = YES;
				CLANG_WARN_OBJC_IMPLICIT_RETAIN_SELF = YES;
				CLANG_WARN_OBJC_LITERAL_CONVERSION = YES;
				CLANG_WARN_OBJC_ROOT_CLASS = YES_ERROR;
				CLANG_WARN_QUOTED_INCLUDE_IN_FRAMEWORK_HEADER = YES;
				CLANG_WARN_RANGE_LOOP_ANALYSIS = YES;
				CLANG_WARN_STRICT_PROTOTYPES = YES;
				CLANG_WARN_SUSPICIOUS_MOVE = YES;
				CLANG_WARN_UNGUARDED_AVAILABILITY = YES_AGGRESSIVE;
				CLANG_WARN_UNREACHABLE_CODE = YES;
				CLANG_WARN__DUPLICATE_METHOD_MATCH = YES;
				COPY_PHASE_STRIP = NO;
				DEBUG_INFORMATION_FORMAT = dwarf;
				ENABLE_STRICT_OBJC_MSGSEND = YES;
				ENABLE_TESTABILITY = YES;
				ENABLE_USER_SCRIPT_SANDBOXING = YES;
				GCC_C_LANGUAGE_STANDARD = gnu17;
				GCC_DYNAMIC_NO_PIC = NO;
				GCC_NO_COMMON_BLOCKS = YES;
				GCC_OPTIMIZATION_LEVEL = 0;
				GCC_PREPROCESSOR_DEFINITIONS = (
					"DEBUG=1",
					"$(inherited)",
				);
				GCC_WARN_64_TO_32_BIT_CONVERSION = YES;
				GCC_WARN_ABOUT_RETURN_TYPE = YES_ERROR;
				GCC_WARN_UNDECLARED_SELECTOR = YES;
				GCC_WARN_UNINITIALIZED_AUTOS = YES_AGGRESSIVE;
				GCC_WARN_UNUSED_FUNCTION = YES;
				GCC_WARN_UNUSED_VARIABLE = YES;
				IPHONEOS_DEPLOYMENT_TARGET = 17.5;
				LOCALIZATION_PREFERS_STRING_CATALOGS = YES;
				MTL_ENABLE_DEBUG_INFO = INCLUDE_SOURCE;
				MTL_FAST_MATH = YES;
				ONLY_ACTIVE_ARCH = YES;
				SDKROOT = iphoneos;
				SWIFT_ACTIVE_COMPILATION_CONDITIONS = "DEBUG $(inherited)";
				SWIFT_OPTIMIZATION_LEVEL = "-Onone";
			};
			name = Debug;
		};
		BDBAEFF92DD7ED3400CA7C40 /* Release */ = {
			isa = XCBuildConfiguration;
			buildSettings = {
				ALWAYS_SEARCH_USER_PATHS = NO;
				ASSETCATALOG_COMPILER_GENERATE_SWIFT_ASSET_SYMBOL_EXTENSIONS = YES;
				CLANG_ANALYZER_NONNULL = YES;
				CLANG_ANALYZER_NUMBER_OBJECT_CONVERSION = YES_AGGRESSIVE;
				CLANG_CXX_LANGUAGE_STANDARD = "gnu++20";
				CLANG_ENABLE_MODULES = YES;
				CLANG_ENABLE_OBJC_ARC = YES;
				CLANG_ENABLE_OBJC_WEAK = YES;
				CLANG_WARN_BLOCK_CAPTURE_AUTORELEASING = YES;
				CLANG_WARN_BOOL_CONVERSION = YES;
				CLANG_WARN_COMMA = YES;
				CLANG_WARN_CONSTANT_CONVERSION = YES;
				CLANG_WARN_DEPRECATED_OBJC_IMPLEMENTATIONS = YES;
				CLANG_WARN_DIRECT_OBJC_ISA_USAGE = YES_ERROR;
				CLANG_WARN_DOCUMENTATION_COMMENTS = YES;
				CLANG_WARN_EMPTY_BODY = YES;
				CLANG_WARN_ENUM_CONVERSION = YES;
				CLANG_WARN_INFINITE_RECURSION = YES;
				CLANG_WARN_INT_CONVERSION = YES;
				CLANG_WARN_NON_LITERAL_NULL_CONVERSION = YES;
				CLANG_WARN_OBJC_IMPLICIT_RETAIN_SELF = YES;
				CLANG_WARN_OBJC_LITERAL_CONVERSION = YES;
				CLANG_WARN_OBJC_ROOT_CLASS = YES_ERROR;
				CLANG_WARN_QUOTED_INCLUDE_IN_FRAMEWORK_HEADER = YES;
				CLANG_WARN_RANGE_LOOP_ANALYSIS = YES;
				CLANG_WARN_STRICT_PROTOTYPES = YES;
				CLANG_WARN_SUSPICIOUS_MOVE = YES;
				CLANG_WARN_UNGUARDED_AVAILABILITY = YES_AGGRESSIVE;
				CLANG_WARN_UNREACHABLE_CODE = YES;
				CLANG_WARN__DUPLICATE_METHOD_MATCH = YES;
				COPY_PHASE_STRIP = NO;
				DEBUG_INFORMATION_FORMAT = "dwarf-with-dsym";
				ENABLE_NS_ASSERTIONS = NO;
				ENABLE_STRICT_OBJC_MSGSEND = YES;
				ENABLE_USER_SCRIPT_SANDBOXING = YES;
				GCC_C_LANGUAGE_STANDARD = gnu17;
				GCC_NO_COMMON_BLOCKS = YES;
				GCC_WARN_64_TO_32_BIT_CONVERSION = YES;
				GCC_WARN_ABOUT_RETURN_TYPE = YES_ERROR;
				GCC_WARN_UNDECLARED_SELECTOR = YES;
				GCC_WARN_UNINITIALIZED_AUTOS = YES_AGGRESSIVE;
				GCC_WARN_UNUSED_FUNCTION = YES;
				GCC_WARN_UNUSED_VARIABLE = YES;
				IPHONEOS_DEPLOYMENT_TARGET = 17.5;
				LOCALIZATION_PREFERS_STRING_CATALOGS = YES;
				MTL_ENABLE_DEBUG_INFO = NO;
				MTL_FAST_MATH = YES;
				SDKROOT = iphoneos;
				SWIFT_COMPILATION_MODE = wholemodule;
				VALIDATE_PRODUCT = YES;
			};
			name = Release;
		};
		BDBAEFFB2DD7ED3400CA7C40 /* Debug */ = {
			isa = XCBuildConfiguration;
			buildSettings = {
				ASSETCATALOG_COMPILER_APPICON_NAME = AppIcon;
				ASSETCATALOG_COMPILER_GLOBAL_ACCENT_COLOR_NAME = AccentColor;
				CODE_SIGN_STYLE = Automatic;
				CURRENT_PROJECT_VERSION = 1;
				DEVELOPMENT_ASSET_PATHS = "\"lab_02/Preview Content\"";
				ENABLE_PREVIEWS = YES;
				GENERATE_INFOPLIST_FILE = YES;
				INFOPLIST_KEY_UIApplicationSceneManifest_Generation = YES;
				INFOPLIST_KEY_UIApplicationSupportsIndirectInputEvents = YES;
				INFOPLIST_KEY_UILaunchScreen_Generation = YES;
				INFOPLIST_KEY_UISupportedInterfaceOrientations_iPad = "UIInterfaceOrientationPortrait UIInterfaceOrientationPortraitUpsideDown UIInterfaceOrientationLandscapeLeft UIInterfaceOrientationLandscapeRight";
				INFOPLIST_KEY_UISupportedInterfaceOrientations_iPhone = "UIInterfaceOrientationPortrait UIInterfaceOrientationLandscapeLeft UIInterfaceOrientationLandscapeRight";
				LD_RUNPATH_SEARCH_PATHS = (
					"$(inherited)",
					"@executable_path/Frameworks",
				);
				MARKETING_VERSION = 1.0;
				PRODUCT_BUNDLE_IDENTIFIER = "com.archpatel.lab-02";
				PRODUCT_NAME = "$(TARGET_NAME)";
				SWIFT_EMIT_LOC_STRINGS = YES;
				SWIFT_VERSION = 5.0;
				TARGETED_DEVICE_FAMILY = "1,2";
			};
			name = Debug;
		};
		BDBAEFFC2DD7ED3400CA7C40 /* Release */ = {
			isa = XCBuildConfiguration;
			buildSettings = {
				ASSETCATALOG_COMPILER_APPICON_NAME = AppIcon;
				ASSETCATALOG_COMPILER_GLOBAL_ACCENT_COLOR_NAME = AccentColor;
				CODE_SIGN_STYLE = Automatic;
				CURRENT_PROJECT_VERSION = 1;
				DEVELOPMENT_ASSET_PATHS = "\"lab_02/Preview Content\"";
				ENABLE_PREVIEWS = YES;
				GENERATE_INFOPLIST_FILE = YES;
				INFOPLIST_KEY_UIApplicationSceneManifest_Generation = YES;
				INFOPLIST_KEY_UIApplicationSupportsIndirectInputEvents = YES;
				INFOPLIST_KEY_UILaunchScreen_Generation = YES;
				INFOPLIST_KEY_UISupportedInterfaceOrientations_iPad = "UIInterfaceOrientationPortrait UIInterfaceOrientationPortraitUpsideDown UIInterfaceOrientationLandscapeLeft UIInterfaceOrientationLandscapeRight";
				INFOPLIST_KEY_UISupportedInterfaceOrientations_iPhone = "UIInterfaceOrientationPortrait UIInterfaceOrientationLandscapeLeft UIInterfaceOrientationLandscapeRight";
				LD_RUNPATH_SEARCH_PATHS = (
					"$(inherited)",
					"@executable_path/Frameworks",
				);
				MARKETING_VERSION = 1.0;
				PRODUCT_BUNDLE_IDENTIFIER = "com.archpatel.lab-02";
				PRODUCT_NAME = "$(TARGET_NAME)";
				SWIFT_EMIT_LOC_STRINGS = YES;
				SWIFT_VERSION = 5.0;
				TARGETED_DEVICE_FAMILY = "1,2";
			};
			name = Release;
		};
		BDBAEFFE2DD7ED3400CA7C40 /* Debug */ = {
			isa = XCBuildConfiguration;
			buildSettings = {
				ALWAYS_EMBED_SWIFT_STANDARD_LIBRARIES = YES;
				BUNDLE_LOADER = "$(TEST_HOST)";
				CODE_SIGN_STYLE = Automatic;
				CURRENT_PROJECT_VERSION = 1;
				GENERATE_INFOPLIST_FILE = YES;
				IPHONEOS_DEPLOYMENT_TARGET = 17.5;
				MARKETING_VERSION = 1.0;
				PRODUCT_BUNDLE_IDENTIFIER = "com.archpatel.lab-02Tests";
				PRODUCT_NAME = "$(TARGET_NAME)";
				SWIFT_EMIT_LOC_STRINGS = NO;
				SWIFT_VERSION = 5.0;
				TARGETED_DEVICE_FAMILY = "1,2";
				TEST_HOST = "$(BUILT_PRODUCTS_DIR)/lab_02.app/$(BUNDLE_EXECUTABLE_FOLDER_PATH)/lab_02";
			};
			name = Debug;
		};
		BDBAEFFF2DD7ED3400CA7C40 /* Release */ = {
			isa = XCBuildConfiguration;
			buildSettings = {
				ALWAYS_EMBED_SWIFT_STANDARD_LIBRARIES = YES;
				BUNDLE_LOADER = "$(TEST_HOST)";
				CODE_SIGN_STYLE = Automatic;
				CURRENT_PROJECT_VERSION = 1;
				GENERATE_INFOPLIST_FILE = YES;
				IPHONEOS_DEPLOYMENT_TARGET = 17.5;
				MARKETING_VERSION = 1.0;
				PRODUCT_BUNDLE_IDENTIFIER = "com.archpatel.lab-02Tests";
				PRODUCT_NAME = "$(TARGET_NAME)";
				SWIFT_EMIT_LOC_STRINGS = NO;
				SWIFT_VERSION = 5.0;
				TARGETED_DEVICE_FAMILY = "1,2";
				TEST_HOST = "$(BUILT_PRODUCTS_DIR)/lab_02.app/$(BUNDLE_EXECUTABLE_FOLDER_PATH)/lab_02";
			};
			name = Release;
		};
		BDBAF0012DD7ED3400CA7C40 /* Debug */ = {
			isa = XCBuildConfiguration;
			buildSettings = {
				ALWAYS_EMBED_SWIFT_STANDARD_LIBRARIES = YES;
				CODE_SIGN_STYLE = Automatic;
				CURRENT_PROJECT_VERSION = 1;
				GENERATE_INFOPLIST_FILE = YES;
				MARKETING_VERSION = 1.0;
				PRODUCT_BUNDLE_IDENTIFIER = "com.archpatel.lab-02UITests";
				PRODUCT_NAME = "$(TARGET_NAME)";
				SWIFT_EMIT_LOC_STRINGS = NO;
				SWIFT_VERSION = 5.0;
				TARGETED_DEVICE_FAMILY = "1,2";
				TEST_TARGET_NAME = lab_02;
			};
			name = Debug;
		};
		BDBAF0022DD7ED3400CA7C40 /* Release */ = {
			isa = XCBuildConfiguration;
			buildSettings = {
				ALWAYS_EMBED_SWIFT_STANDARD_LIBRARIES = YES;
				CODE_SIGN_STYLE = Automatic;
				CURRENT_PROJECT_VERSION = 1;
				GENERATE_INFOPLIST_FILE = YES;
				MARKETING_VERSION = 1.0;
				PRODUCT_BUNDLE_IDENTIFIER = "com.archpatel.lab-02UITests";
				PRODUCT_NAME = "$(TARGET_NAME)";
				SWIFT_EMIT_LOC_STRINGS = NO;
				SWIFT_VERSION = 5.0;
				TARGETED_DEVICE_FAMILY = "1,2";
				TEST_TARGET_NAME = lab_02;
			};
			name = Release;
		};
/* End XCBuildConfiguration section */

/* Begin XCConfigurationList section */
		BDBAEFD12DD7ED3200CA7C40 /* Build configuration list for PBXProject "lab_02" */ = {
			isa = XCConfigurationList;
			buildConfigurations = (
				BDBAEFF82DD7ED3400CA7C40 /* Debug */,
				BDBAEFF92DD7ED3400CA7C40 /* Release */,
			);
			defaultConfigurationIsVisible = 0;
			defaultConfigurationName = Release;
		};
		BDBAEFFA2DD7ED3400CA7C40 /* Build configuration list for PBXNativeTarget "lab_02" */ = {
			isa = XCConfigurationList;
			buildConfigurations = (
				BDBAEFFB2DD7ED3400CA7C40 /* Debug */,
				BDBAEFFC2DD7ED3400CA7C40 /* Release */,
			);
			defaultConfigurationIsVisible = 0;
			defaultConfigurationName = Release;
		};
		BDBAEFFD2DD7ED3400CA7C40 /* Build configuration list for PBXNativeTarget "lab_02Tests" */ = {
			isa = XCConfigurationList;
			buildConfigurations = (
				BDBAEFFE2DD7ED3400CA7C40 /* Debug */,
				BDBAEFFF2DD7ED3400CA7C40 /* Release */,
			);
			defaultConfigurationIsVisible = 0;
			defaultConfigurationName = Release;
		};
		BDBAF0002DD7ED3400CA7C40 /* Build configuration list for PBXNativeTarget "lab_02UITests" */ = {
			isa = XCConfigurationList;
			buildConfigurations = (
				BDBAF0012DD7ED3400CA7C40 /* Debug */,
				BDBAF0022DD7ED3400CA7C40 /* Release */,
			);
			defaultConfigurationIsVisible = 0;
			defaultConfigurationName = Release;
		};
/* End XCConfigurationList section */
	};
	rootObject = BDBAEFCE2DD7ED3200CA7C40 /* Project object */;
}
